// !$*UTF8*$!
{
	archiveVersion = 1;
	classes = {
	};
	objectVersion = 56;
	objects = {

/* Begin PBXBuildFile section */
		1AB21A2AF9DBD36C1FEADF14 /* TranscriptionService.swift in Sources */ = {isa = PBXBuildFile; fileRef = E737B78256AA9690F0817F96 /* TranscriptionService.swift */; };
		1D41647255B251719CB2DADD /* OnboardingView.swift in Sources */ = {isa = PBXBuildFile; fileRef = B63A9F7DAFE2FA6C696551EA /* OnboardingView.swift */; };
		455E41EC885C40A73D130CF2 /* YourAccessibilityManager.swift in Sources */ = {isa = PBXBuildFile; fileRef = 85ED51AAA23B0F54D9B5388E /* YourAccessibilityManager.swift */; };
		52DBF3CAF22EE5FA48D706EB /* ContentView.swift in Sources */ = {isa = PBXBuildFile; fileRef = 7304830A8539D4BFA39FE264 /* ContentView.swift */; };
		54A417970F38A592F14355EC /* WhisperModel.swift in Sources */ = {isa = PBXBuildFile; fileRef = 6CD987623E701CDD85C3C583 /* WhisperModel.swift */; };
		624FCC9F7A64EF9E27E27068 /* SettingsView.swift in Sources */ = {isa = PBXBuildFile; fileRef = D2CD041D513EFE51D825F57C /* SettingsView.swift */; };
		D22900DA4487AD7D7823FF77 /* WhisperKit in Frameworks */ = {isa = PBXBuildFile; productRef = DC3E7EE9CFB9C076CAD9F775 /* WhisperKit */; };
		D93A96A494DE9F4C7A996A2E /* WhisperingApp.swift in Sources */ = {isa = PBXBuildFile; fileRef = DDA29DA1099E9E651AE4F011 /* WhisperingApp.swift */; };
/* End PBXBuildFile section */

/* Begin PBXFileReference section */
		4E92E6440C172C4DA07E7E77 /* Whispering.app */ = {isa = PBXFileReference; explicitFileType = wrapper.application; includeInIndex = 0; path = Whispering.app; sourceTree = BUILT_PRODUCTS_DIR; };
		6263401813081379AEE71E58 /* Info.plist */ = {isa = PBXFileReference; lastKnownFileType = text.plist; path = Info.plist; sourceTree = "<group>"; };
		6CD987623E701CDD85C3C583 /* WhisperModel.swift */ = {isa = PBXFileReference; lastKnownFileType = sourcecode.swift; path = WhisperModel.swift; sourceTree = "<group>"; };
		7304830A8539D4BFA39FE264 /* ContentView.swift */ = {isa = PBXFileReference; lastKnownFileType = sourcecode.swift; path = ContentView.swift; sourceTree = "<group>"; };
		835F59E8649FFDEE724FF7AC /* Whispering.entitlements */ = {isa = PBXFileReference; lastKnownFileType = text.plist.entitlements; path = Whispering.entitlements; sourceTree = "<group>"; };
		85ED51AAA23B0F54D9B5388E /* YourAccessibilityManager.swift */ = {isa = PBXFileReference; lastKnownFileType = sourcecode.swift; path = YourAccessibilityManager.swift; sourceTree = "<group>"; };
		B63A9F7DAFE2FA6C696551EA /* OnboardingView.swift */ = {isa = PBXFileReference; lastKnownFileType = sourcecode.swift; path = OnboardingView.swift; sourceTree = "<group>"; };
		D2CD041D513EFE51D825F57C /* SettingsView.swift */ = {isa = PBXFileReference; lastKnownFileType = sourcecode.swift; path = SettingsView.swift; sourceTree = "<group>"; };
		DDA29DA1099E9E651AE4F011 /* WhisperingApp.swift */ = {isa = PBXFileReference; lastKnownFileType = sourcecode.swift; path = WhisperingApp.swift; sourceTree = "<group>"; };
		E737B78256AA9690F0817F96 /* TranscriptionService.swift */ = {isa = PBXFileReference; lastKnownFileType = sourcecode.swift; path = TranscriptionService.swift; sourceTree = "<group>"; };
/* End PBXFileReference section */

/* Begin PBXFrameworksBuildPhase section */
		517D0D1119DA121A5405C7C6 /* Frameworks */ = {
			isa = PBXFrameworksBuildPhase;
			buildActionMask = 2147483647;
			files = (
				D22900DA4487AD7D7823FF77 /* WhisperKit in Frameworks */,
			);
			runOnlyForDeploymentPostprocessing = 0;
		};
/* End PBXFrameworksBuildPhase section */

/* Begin PBXGroup section */
		101F37D37E70B3919C93EB1F /* Views */ = {
			isa = PBXGroup;
			children = (
				B63A9F7DAFE2FA6C696551EA /* OnboardingView.swift */,
				D2CD041D513EFE51D825F57C /* SettingsView.swift */,
			);
			path = Views;
			sourceTree = "<group>";
		};
		1F62B92BAF92D4B02B99816C /* Models */ = {
			isa = PBXGroup;
			children = (
				6CD987623E701CDD85C3C583 /* WhisperModel.swift */,
			);
			path = Models;
			sourceTree = "<group>";
		};
		329B83341C084B821108D557 /* Products */ = {
			isa = PBXGroup;
			children = (
				4E92E6440C172C4DA07E7E77 /* Whispering.app */,
			);
			name = Products;
			sourceTree = "<group>";
		};
		3F3B3A0A446986DFB1B8E828 = {
			isa = PBXGroup;
			children = (
				4AA874AEB41E95E29D757C74 /* Sources */,
				329B83341C084B821108D557 /* Products */,
			);
			sourceTree = "<group>";
		};
		4AA874AEB41E95E29D757C74 /* Sources */ = {
			isa = PBXGroup;
			children = (
				7304830A8539D4BFA39FE264 /* ContentView.swift */,
				6263401813081379AEE71E58 /* Info.plist */,
				E737B78256AA9690F0817F96 /* TranscriptionService.swift */,
				835F59E8649FFDEE724FF7AC /* Whispering.entitlements */,
				DDA29DA1099E9E651AE4F011 /* WhisperingApp.swift */,
				85ED51AAA23B0F54D9B5388E /* YourAccessibilityManager.swift */,
				1F62B92BAF92D4B02B99816C /* Models */,
				101F37D37E70B3919C93EB1F /* Views */,
			);
			path = Sources;
			sourceTree = "<group>";
		};
/* End PBXGroup section */

/* Begin PBXNativeTarget section */
		89DA524537B6A7AB8EAF8F03 /* Whispering */ = {
			isa = PBXNativeTarget;
			buildConfigurationList = 6921B1356AA9BD3F705E5511 /* Build configuration list for PBXNativeTarget "Whispering" */;
			buildPhases = (
				FBC044F16291C9C9BF079179 /* Sources */,
				517D0D1119DA121A5405C7C6 /* Frameworks */,
			);
			buildRules = (
			);
			dependencies = (
			);
			name = Whispering;
			packageProductDependencies = (
				DC3E7EE9CFB9C076CAD9F775 /* WhisperKit */,
			);
			productName = Whispering;
			productReference = 4E92E6440C172C4DA07E7E77 /* Whispering.app */;
			productType = "com.apple.product-type.application";
		};
/* End PBXNativeTarget section */

/* Begin PBXProject section */
		40186F3953AC12DE7A8A1BDF /* Project object */ = {
			isa = PBXProject;
			attributes = {
				BuildIndependentTargetsInParallel = YES;
				LastUpgradeCheck = 1500;
			};
			buildConfigurationList = CCA5BBFBA3CF1AC8A805AEEF /* Build configuration list for PBXProject "Whispering" */;
			compatibilityVersion = "Xcode 14.0";
			developmentRegion = en;
			hasScannedForEncodings = 0;
			knownRegions = (
				Base,
				en,
			);
			mainGroup = 3F3B3A0A446986DFB1B8E828;
			packageReferences = (
				04B35E2016575A501041FBD4 /* XCRemoteSwiftPackageReference "WhisperKit" */,
			);
			projectDirPath = "";
			projectRoot = "";
			targets = (
				89DA524537B6A7AB8EAF8F03 /* Whispering */,
			);
		};
/* End PBXProject section */

/* Begin PBXSourcesBuildPhase section */
		FBC044F16291C9C9BF079179 /* Sources */ = {
			isa = PBXSourcesBuildPhase;
			buildActionMask = 2147483647;
			files = (
				52DBF3CAF22EE5FA48D706EB /* ContentView.swift in Sources */,
				1D41647255B251719CB2DADD /* OnboardingView.swift in Sources */,
				624FCC9F7A64EF9E27E27068 /* SettingsView.swift in Sources */,
				1AB21A2AF9DBD36C1FEADF14 /* TranscriptionService.swift in Sources */,
				54A417970F38A592F14355EC /* WhisperModel.swift in Sources */,
				D93A96A494DE9F4C7A996A2E /* WhisperingApp.swift in Sources */,
				455E41EC885C40A73D130CF2 /* YourAccessibilityManager.swift in Sources */,
			);
			runOnlyForDeploymentPostprocessing = 0;
		};
/* End PBXSourcesBuildPhase section */

/* Begin XCBuildConfiguration section */
		35D6001735BFA17A1B23F6BD /* Release */ = {
			isa = XCBuildConfiguration;
			buildSettings = {
				ASSETCATALOG_COMPILER_APPICON_NAME = AppIcon;
				CODE_SIGN_ENTITLEMENTS = Sources/Whispering.entitlements;
				CODE_SIGN_IDENTITY = "Apple Development";
				"CODE_SIGN_IDENTITY[sdk=macosx*]" = "Apple Development";
				CODE_SIGN_STYLE = Automatic;
				COMBINE_HIDPI_IMAGES = YES;
				DEVELOPMENT_TEAM = YQZQG7N4WG;
				ENABLE_HARDENED_RUNTIME = NO;
				GENERATE_INFOPLIST_FILE = YES;
				INFOPLIST_FILE = Sources/Info.plist;
				INFOPLIST_KEY_NSAppleEventsUsageDescription = "Whispering needs accessibility access to listen for the F5 key to start/stop recording.";
				INFOPLIST_KEY_NSMicrophoneUsageDescription = "We need access to your microphone to record audio for transcription";
				LD_RUNPATH_SEARCH_PATHS = (
					"$(inherited)",
					"@executable_path/../Frameworks",
				);
				PRODUCT_BUNDLE_IDENTIFIER = com.rudrankriyam.whispering;
				PROVISIONING_PROFILE_SPECIFIER = "";
				SDKROOT = macosx;
			};
			name = Release;
		};
		77ECAE62A1CABD88B2A0F963 /* Debug */ = {
			isa = XCBuildConfiguration;
			buildSettings = {
				ALWAYS_SEARCH_USER_PATHS = NO;
				CLANG_ANALYZER_NONNULL = YES;
				CLANG_ANALYZER_NUMBER_OBJECT_CONVERSION = YES_AGGRESSIVE;
				CLANG_CXX_LANGUAGE_STANDARD = "gnu++14";
				CLANG_CXX_LIBRARY = "libc++";
				CLANG_ENABLE_MODULES = YES;
				CLANG_ENABLE_OBJC_ARC = YES;
				CLANG_ENABLE_OBJC_WEAK = YES;
				CLANG_WARN_BLOCK_CAPTURE_AUTORELEASING = YES;
				CLANG_WARN_BOOL_CONVERSION = YES;
				CLANG_WARN_COMMA = YES;
				CLANG_WARN_CONSTANT_CONVERSION = YES;
				CLANG_WARN_DEPRECATED_OBJC_IMPLEMENTATIONS = YES;
				CLANG_WARN_DIRECT_OBJC_ISA_USAGE = YES_ERROR;
				CLANG_WARN_DOCUMENTATION_COMMENTS = YES;
				CLANG_WARN_EMPTY_BODY = YES;
				CLANG_WARN_ENUM_CONVERSION = YES;
				CLANG_WARN_INFINITE_RECURSION = YES;
				CLANG_WARN_INT_CONVERSION = YES;
				CLANG_WARN_NON_LITERAL_NULL_CONVERSION = YES;
				CLANG_WARN_OBJC_IMPLICIT_RETAIN_SELF = YES;
				CLANG_WARN_OBJC_LITERAL_CONVERSION = YES;
				CLANG_WARN_OBJC_ROOT_CLASS = YES_ERROR;
				CLANG_WARN_QUOTED_INCLUDE_IN_FRAMEWORK_HEADER = YES;
				CLANG_WARN_RANGE_LOOP_ANALYSIS = YES;
				CLANG_WARN_STRICT_PROTOTYPES = YES;
				CLANG_WARN_SUSPICIOUS_MOVE = YES;
				CLANG_WARN_UNGUARDED_AVAILABILITY = YES_AGGRESSIVE;
				CLANG_WARN_UNREACHABLE_CODE = YES;
				CLANG_WARN__DUPLICATE_METHOD_MATCH = YES;
				COPY_PHASE_STRIP = NO;
				DEBUG_INFORMATION_FORMAT = dwarf;
				ENABLE_STRICT_OBJC_MSGSEND = YES;
				ENABLE_TESTABILITY = YES;
				GCC_C_LANGUAGE_STANDARD = gnu11;
				GCC_DYNAMIC_NO_PIC = NO;
				GCC_NO_COMMON_BLOCKS = YES;
				GCC_OPTIMIZATION_LEVEL = 0;
				GCC_PREPROCESSOR_DEFINITIONS = (
					"$(inherited)",
					"DEBUG=1",
				);
				GCC_WARN_64_TO_32_BIT_CONVERSION = YES;
				GCC_WARN_ABOUT_RETURN_TYPE = YES_ERROR;
				GCC_WARN_UNDECLARED_SELECTOR = YES;
				GCC_WARN_UNINITIALIZED_AUTOS = YES_AGGRESSIVE;
				GCC_WARN_UNUSED_FUNCTION = YES;
				GCC_WARN_UNUSED_VARIABLE = YES;
				MACOSX_DEPLOYMENT_TARGET = 14.0;
				MTL_ENABLE_DEBUG_INFO = INCLUDE_SOURCE;
				MTL_FAST_MATH = YES;
				ONLY_ACTIVE_ARCH = YES;
				PRODUCT_NAME = "$(TARGET_NAME)";
				SDKROOT = macosx;
				SWIFT_ACTIVE_COMPILATION_CONDITIONS = DEBUG;
				SWIFT_OPTIMIZATION_LEVEL = "-Onone";
				SWIFT_VERSION = 5.0;
			};
			name = Debug;
		};
		D6A080204116A118ABE50EE2 /* Release */ = {
			isa = XCBuildConfiguration;
			buildSettings = {
				ALWAYS_SEARCH_USER_PATHS = NO;
				CLANG_ANALYZER_NONNULL = YES;
				CLANG_ANALYZER_NUMBER_OBJECT_CONVERSION = YES_AGGRESSIVE;
				CLANG_CXX_LANGUAGE_STANDARD = "gnu++14";
				CLANG_CXX_LIBRARY = "libc++";
				CLANG_ENABLE_MODULES = YES;
				CLANG_ENABLE_OBJC_ARC = YES;
				CLANG_ENABLE_OBJC_WEAK = YES;
				CLANG_WARN_BLOCK_CAPTURE_AUTORELEASING = YES;
				CLANG_WARN_BOOL_CONVERSION = YES;
				CLANG_WARN_COMMA = YES;
				CLANG_WARN_CONSTANT_CONVERSION = YES;
				CLANG_WARN_DEPRECATED_OBJC_IMPLEMENTATIONS = YES;
				CLANG_WARN_DIRECT_OBJC_ISA_USAGE = YES_ERROR;
				CLANG_WARN_DOCUMENTATION_COMMENTS = YES;
				CLANG_WARN_EMPTY_BODY = YES;
				CLANG_WARN_ENUM_CONVERSION = YES;
				CLANG_WARN_INFINITE_RECURSION = YES;
				CLANG_WARN_INT_CONVERSION = YES;
				CLANG_WARN_NON_LITERAL_NULL_CONVERSION = YES;
				CLANG_WARN_OBJC_IMPLICIT_RETAIN_SELF = YES;
				CLANG_WARN_OBJC_LITERAL_CONVERSION = YES;
				CLANG_WARN_OBJC_ROOT_CLASS = YES_ERROR;
				CLANG_WARN_QUOTED_INCLUDE_IN_FRAMEWORK_HEADER = YES;
				CLANG_WARN_RANGE_LOOP_ANALYSIS = YES;
				CLANG_WARN_STRICT_PROTOTYPES = YES;
				CLANG_WARN_SUSPICIOUS_MOVE = YES;
				CLANG_WARN_UNGUARDED_AVAILABILITY = YES_AGGRESSIVE;
				CLANG_WARN_UNREACHABLE_CODE = YES;
				CLANG_WARN__DUPLICATE_METHOD_MATCH = YES;
				COPY_PHASE_STRIP = NO;
				DEBUG_INFORMATION_FORMAT = "dwarf-with-dsym";
				ENABLE_NS_ASSERTIONS = NO;
				ENABLE_STRICT_OBJC_MSGSEND = YES;
				GCC_C_LANGUAGE_STANDARD = gnu11;
				GCC_NO_COMMON_BLOCKS = YES;
				GCC_WARN_64_TO_32_BIT_CONVERSION = YES;
				GCC_WARN_ABOUT_RETURN_TYPE = YES_ERROR;
				GCC_WARN_UNDECLARED_SELECTOR = YES;
				GCC_WARN_UNINITIALIZED_AUTOS = YES_AGGRESSIVE;
				GCC_WARN_UNUSED_FUNCTION = YES;
				GCC_WARN_UNUSED_VARIABLE = YES;
				MACOSX_DEPLOYMENT_TARGET = 14.0;
				MTL_ENABLE_DEBUG_INFO = NO;
				MTL_FAST_MATH = YES;
				PRODUCT_NAME = "$(TARGET_NAME)";
				SDKROOT = macosx;
				SWIFT_COMPILATION_MODE = wholemodule;
				SWIFT_OPTIMIZATION_LEVEL = "-O";
				SWIFT_VERSION = 5.0;
			};
			name = Release;
		};
		F2157579F499E3AAF99BFF95 /* Debug */ = {
			isa = XCBuildConfiguration;
			buildSettings = {
				ASSETCATALOG_COMPILER_APPICON_NAME = AppIcon;
				CODE_SIGN_ENTITLEMENTS = Sources/Whispering.entitlements;
				CODE_SIGN_IDENTITY = "Apple Development";
				"CODE_SIGN_IDENTITY[sdk=macosx*]" = "Apple Development";
				CODE_SIGN_STYLE = Automatic;
				COMBINE_HIDPI_IMAGES = YES;
				DEVELOPMENT_TEAM = YQZQG7N4WG;
				ENABLE_HARDENED_RUNTIME = NO;
				GENERATE_INFOPLIST_FILE = YES;
				INFOPLIST_FILE = Sources/Info.plist;
				INFOPLIST_KEY_NSAppleEventsUsageDescription = "Whispering needs accessibility access to listen for the F5 key to start/stop recording.";
				INFOPLIST_KEY_NSMicrophoneUsageDescription = "We need access to your microphone to record audio for transcription";
				LD_RUNPATH_SEARCH_PATHS = (
					"$(inherited)",
					"@executable_path/../Frameworks",
				);
				PRODUCT_BUNDLE_IDENTIFIER = com.rudrankriyam.whispering;
				PROVISIONING_PROFILE_SPECIFIER = "";
				SDKROOT = macosx;
			};
			name = Debug;
		};
/* End XCBuildConfiguration section */

/* Begin XCConfigurationList section */
		6921B1356AA9BD3F705E5511 /* Build configuration list for PBXNativeTarget "Whispering" */ = {
			isa = XCConfigurationList;
			buildConfigurations = (
				F2157579F499E3AAF99BFF95 /* Debug */,
				35D6001735BFA17A1B23F6BD /* Release */,
			);
			defaultConfigurationIsVisible = 0;
			defaultConfigurationName = Debug;
		};
		CCA5BBFBA3CF1AC8A805AEEF /* Build configuration list for PBXProject "Whispering" */ = {
			isa = XCConfigurationList;
			buildConfigurations = (
				77ECAE62A1CABD88B2A0F963 /* Debug */,
				D6A080204116A118ABE50EE2 /* Release */,
			);
			defaultConfigurationIsVisible = 0;
			defaultConfigurationName = Debug;
		};
/* End XCConfigurationList section */

/* Begin XCRemoteSwiftPackageReference section */
		04B35E2016575A501041FBD4 /* XCRemoteSwiftPackageReference "WhisperKit" */ = {
			isa = XCRemoteSwiftPackageReference;
			repositoryURL = "https://github.com/argmaxinc/WhisperKit.git";
			requirement = {
				branch = main;
				kind = branch;
			};
		};
/* End XCRemoteSwiftPackageReference section */

/* Begin XCSwiftPackageProductDependency section */
		DC3E7EE9CFB9C076CAD9F775 /* WhisperKit */ = {
			isa = XCSwiftPackageProductDependency;
			package = 04B35E2016575A501041FBD4 /* XCRemoteSwiftPackageReference "WhisperKit" */;
			productName = WhisperKit;
		};
/* End XCSwiftPackageProductDependency section */
	};
	rootObject = 40186F3953AC12DE7A8A1BDF /* Project object */;
}
